// !$*UTF8*$!
{
	archiveVersion = 1;
	classes = {
	};
	objectVersion = 56;
	objects = {

/* Begin PBXBuildFile section */
		6E17B8552A6C6923003C1A34 /* FinanceFuelSources in Frameworks */ = {isa = PBXBuildFile; productRef = 6E17B8542A6C6923003C1A34 /* FinanceFuelSources */; };
		6E39A9D52A6C628300FB351D /* AppDelegate.swift in Sources */ = {isa = PBXBuildFile; fileRef = 6E39A9D42A6C628300FB351D /* AppDelegate.swift */; };
		6E39A9D72A6C628300FB351D /* SceneDelegate.swift in Sources */ = {isa = PBXBuildFile; fileRef = 6E39A9D62A6C628300FB351D /* SceneDelegate.swift */; };
		6E39A9DE2A6C628400FB351D /* Assets.xcassets in Resources */ = {isa = PBXBuildFile; fileRef = 6E39A9DD2A6C628400FB351D /* Assets.xcassets */; };
		6E39A9E12A6C628400FB351D /* LaunchScreen.storyboard in Resources */ = {isa = PBXBuildFile; fileRef = 6E39A9DF2A6C628400FB351D /* LaunchScreen.storyboard */; };
		6E39AA162A6C63AF00FB351D /* RootComponent.swift in Sources */ = {isa = PBXBuildFile; fileRef = 6E39AA0C2A6C63AF00FB351D /* RootComponent.swift */; };
		6E9AF4B12A7EEECC001ED729 /* GoogleService-Info.plist in Resources */ = {isa = PBXBuildFile; fileRef = 6E9AF4B02A7EEECC001ED729 /* GoogleService-Info.plist */; };
		6E9AF4B42A7EEF90001ED729 /* FirebaseAnalytics in Frameworks */ = {isa = PBXBuildFile; productRef = 6E9AF4B32A7EEF90001ED729 /* FirebaseAnalytics */; };
		6E9AF4B62A7EEF90001ED729 /* FirebaseAnalyticsOnDeviceConversion in Frameworks */ = {isa = PBXBuildFile; productRef = 6E9AF4B52A7EEF90001ED729 /* FirebaseAnalyticsOnDeviceConversion */; };
		6E9AF4B82A7EEF90001ED729 /* FirebaseAnalyticsSwift in Frameworks */ = {isa = PBXBuildFile; productRef = 6E9AF4B72A7EEF90001ED729 /* FirebaseAnalyticsSwift */; };
		6E9AF4BA2A7EEF90001ED729 /* FirebaseAnalyticsWithoutAdIdSupport in Frameworks */ = {isa = PBXBuildFile; productRef = 6E9AF4B92A7EEF90001ED729 /* FirebaseAnalyticsWithoutAdIdSupport */; };
		6E9AF4BC2A7EEF90001ED729 /* FirebaseAppCheck in Frameworks */ = {isa = PBXBuildFile; productRef = 6E9AF4BB2A7EEF90001ED729 /* FirebaseAppCheck */; };
		6E9AF4BE2A7EEF90001ED729 /* FirebaseAppDistribution-Beta in Frameworks */ = {isa = PBXBuildFile; productRef = 6E9AF4BD2A7EEF90001ED729 /* FirebaseAppDistribution-Beta */; };
		6E9AF4C02A7EEF90001ED729 /* FirebaseAuth in Frameworks */ = {isa = PBXBuildFile; productRef = 6E9AF4BF2A7EEF90001ED729 /* FirebaseAuth */; };
		6E9AF4C22A7EEF90001ED729 /* FirebaseAuthCombine-Community in Frameworks */ = {isa = PBXBuildFile; productRef = 6E9AF4C12A7EEF90001ED729 /* FirebaseAuthCombine-Community */; };
		6E9AF4C42A7EEF90001ED729 /* FirebaseCrashlytics in Frameworks */ = {isa = PBXBuildFile; productRef = 6E9AF4C32A7EEF90001ED729 /* FirebaseCrashlytics */; };
		6E9AF4C62A7EEF90001ED729 /* FirebaseDatabase in Frameworks */ = {isa = PBXBuildFile; productRef = 6E9AF4C52A7EEF90001ED729 /* FirebaseDatabase */; };
		6E9AF4C82A7EEF90001ED729 /* FirebaseDatabaseSwift in Frameworks */ = {isa = PBXBuildFile; productRef = 6E9AF4C72A7EEF90001ED729 /* FirebaseDatabaseSwift */; };
		6E9AF4CA2A7EEF90001ED729 /* FirebaseDynamicLinks in Frameworks */ = {isa = PBXBuildFile; productRef = 6E9AF4C92A7EEF90001ED729 /* FirebaseDynamicLinks */; };
		6E9AF4CC2A7EEF90001ED729 /* FirebaseFirestore in Frameworks */ = {isa = PBXBuildFile; productRef = 6E9AF4CB2A7EEF90001ED729 /* FirebaseFirestore */; };
		6E9AF4CE2A7EEF90001ED729 /* FirebaseFirestoreCombine-Community in Frameworks */ = {isa = PBXBuildFile; productRef = 6E9AF4CD2A7EEF90001ED729 /* FirebaseFirestoreCombine-Community */; };
		6E9AF4D02A7EEF90001ED729 /* FirebaseFirestoreSwift in Frameworks */ = {isa = PBXBuildFile; productRef = 6E9AF4CF2A7EEF90001ED729 /* FirebaseFirestoreSwift */; };
		6E9AF4D22A7EEF90001ED729 /* FirebaseFunctions in Frameworks */ = {isa = PBXBuildFile; productRef = 6E9AF4D12A7EEF90001ED729 /* FirebaseFunctions */; };
		6E9AF4D42A7EEF90001ED729 /* FirebaseFunctionsCombine-Community in Frameworks */ = {isa = PBXBuildFile; productRef = 6E9AF4D32A7EEF90001ED729 /* FirebaseFunctionsCombine-Community */; };
		6E9AF4D62A7EEF90001ED729 /* FirebaseInAppMessaging-Beta in Frameworks */ = {isa = PBXBuildFile; productRef = 6E9AF4D52A7EEF90001ED729 /* FirebaseInAppMessaging-Beta */; };
		6E9AF4D82A7EEF90001ED729 /* FirebaseInAppMessagingSwift-Beta in Frameworks */ = {isa = PBXBuildFile; productRef = 6E9AF4D72A7EEF90001ED729 /* FirebaseInAppMessagingSwift-Beta */; };
		6E9AF4DA2A7EEF90001ED729 /* FirebaseInstallations in Frameworks */ = {isa = PBXBuildFile; productRef = 6E9AF4D92A7EEF90001ED729 /* FirebaseInstallations */; };
		6E9AF4DC2A7EEF90001ED729 /* FirebaseMLModelDownloader in Frameworks */ = {isa = PBXBuildFile; productRef = 6E9AF4DB2A7EEF90001ED729 /* FirebaseMLModelDownloader */; };
		6E9AF4DE2A7EEF90001ED729 /* FirebaseMessaging in Frameworks */ = {isa = PBXBuildFile; productRef = 6E9AF4DD2A7EEF90001ED729 /* FirebaseMessaging */; };
		6E9AF4E02A7EEF90001ED729 /* FirebasePerformance in Frameworks */ = {isa = PBXBuildFile; productRef = 6E9AF4DF2A7EEF90001ED729 /* FirebasePerformance */; };
		6E9AF4E22A7EEF90001ED729 /* FirebaseRemoteConfig in Frameworks */ = {isa = PBXBuildFile; productRef = 6E9AF4E12A7EEF90001ED729 /* FirebaseRemoteConfig */; };
		6E9AF4E42A7EEF90001ED729 /* FirebaseRemoteConfigSwift in Frameworks */ = {isa = PBXBuildFile; productRef = 6E9AF4E32A7EEF90001ED729 /* FirebaseRemoteConfigSwift */; };
		6E9AF4E62A7EEF90001ED729 /* FirebaseStorage in Frameworks */ = {isa = PBXBuildFile; productRef = 6E9AF4E52A7EEF90001ED729 /* FirebaseStorage */; };
		6E9AF4E82A7EEF90001ED729 /* FirebaseStorageCombine-Community in Frameworks */ = {isa = PBXBuildFile; productRef = 6E9AF4E72A7EEF90001ED729 /* FirebaseStorageCombine-Community */; };
		6E9AF4EA2A7F92B3001ED729 /* LoginRegisterComponent.swift in Sources */ = {isa = PBXBuildFile; fileRef = 6E9AF4E92A7F92B3001ED729 /* LoginRegisterComponent.swift */; };
		6E9AF4EC2A7F92D6001ED729 /* WelcomeComponent.swift in Sources */ = {isa = PBXBuildFile; fileRef = 6E9AF4EB2A7F92D6001ED729 /* WelcomeComponent.swift */; };
		6E9AF4F62A80CAE9001ED729 /* FinanceFuelTests.swift in Sources */ = {isa = PBXBuildFile; fileRef = 6E9AF4F52A80CAE9001ED729 /* FinanceFuelTests.swift */; };
		6ED16FF12A6C655D00A49842 /* MoonFoundation in Frameworks */ = {isa = PBXBuildFile; productRef = 6ED16FF02A6C655D00A49842 /* MoonFoundation */; };
		6ED16FF32A6C655D00A49842 /* MoonPresentation in Frameworks */ = {isa = PBXBuildFile; productRef = 6ED16FF22A6C655D00A49842 /* MoonPresentation */; };
		6ED16FF52A6C655D00A49842 /* Moonlight in Frameworks */ = {isa = PBXBuildFile; productRef = 6ED16FF42A6C655D00A49842 /* Moonlight */; };
		6ED16FFA2A6C659700A49842 /* CombineCocoa in Frameworks */ = {isa = PBXBuildFile; productRef = 6ED16FF92A6C659700A49842 /* CombineCocoa */; };
/* End PBXBuildFile section */

/* Begin PBXContainerItemProxy section */
		6E9AF4F72A80CAE9001ED729 /* PBXContainerItemProxy */ = {
			isa = PBXContainerItemProxy;
			containerPortal = 6E39A9C92A6C628300FB351D /* Project object */;
			proxyType = 1;
			remoteGlobalIDString = 6E39A9D02A6C628300FB351D;
			remoteInfo = FinanceFuel;
		};
/* End PBXContainerItemProxy section */

/* Begin PBXFileReference section */
		6E39A9D12A6C628300FB351D /* FinanceFuel.app */ = {isa = PBXFileReference; explicitFileType = wrapper.application; includeInIndex = 0; name = FinanceFuel.app; path = "/Users/karinakarimova/Developer/Thesis/FinanceFuel/build/Debug-iphoneos/FinanceFuel.app"; sourceTree = "<absolute>"; };
		6E39A9D42A6C628300FB351D /* AppDelegate.swift */ = {isa = PBXFileReference; lastKnownFileType = sourcecode.swift; path = AppDelegate.swift; sourceTree = "<group>"; };
		6E39A9D62A6C628300FB351D /* SceneDelegate.swift */ = {isa = PBXFileReference; lastKnownFileType = sourcecode.swift; path = SceneDelegate.swift; sourceTree = "<group>"; };
		6E39A9DD2A6C628400FB351D /* Assets.xcassets */ = {isa = PBXFileReference; lastKnownFileType = folder.assetcatalog; path = Assets.xcassets; sourceTree = "<group>"; };
		6E39A9E02A6C628400FB351D /* Base */ = {isa = PBXFileReference; lastKnownFileType = file.storyboard; name = Base; path = Base.lproj/LaunchScreen.storyboard; sourceTree = "<group>"; };
		6E39A9E22A6C628400FB351D /* Info.plist */ = {isa = PBXFileReference; lastKnownFileType = text.plist.xml; path = Info.plist; sourceTree = "<group>"; };
		6E39AA0C2A6C63AF00FB351D /* RootComponent.swift */ = {isa = PBXFileReference; fileEncoding = 4; lastKnownFileType = sourcecode.swift; path = RootComponent.swift; sourceTree = "<group>"; };
		6E9AF4B02A7EEECC001ED729 /* GoogleService-Info.plist */ = {isa = PBXFileReference; fileEncoding = 4; lastKnownFileType = text.plist.xml; path = "GoogleService-Info.plist"; sourceTree = "<group>"; };
		6E9AF4E92A7F92B3001ED729 /* LoginRegisterComponent.swift */ = {isa = PBXFileReference; lastKnownFileType = sourcecode.swift; path = LoginRegisterComponent.swift; sourceTree = "<group>"; };
		6E9AF4EB2A7F92D6001ED729 /* WelcomeComponent.swift */ = {isa = PBXFileReference; lastKnownFileType = sourcecode.swift; path = WelcomeComponent.swift; sourceTree = "<group>"; };
		6E9AF4F32A80CAE9001ED729 /* FinanceFuelTests.xctest */ = {isa = PBXFileReference; explicitFileType = wrapper.cfbundle; includeInIndex = 0; name = FinanceFuelTests.xctest; path = "/Users/karinakarimova/Developer/Thesis/FinanceFuel/build/Debug-iphoneos/FinanceFuelTests.xctest"; sourceTree = "<absolute>"; };
		6E9AF4F52A80CAE9001ED729 /* FinanceFuelTests.swift */ = {isa = PBXFileReference; lastKnownFileType = sourcecode.swift; path = FinanceFuelTests.swift; sourceTree = "<group>"; };
/* End PBXFileReference section */

/* Begin PBXFrameworksBuildPhase section */
		6E39A9CE2A6C628300FB351D /* Frameworks */ = {
			isa = PBXFrameworksBuildPhase;
			buildActionMask = 2147483647;
			files = (
				6E9AF4DE2A7EEF90001ED729 /* FirebaseMessaging in Frameworks */,
				6E9AF4CE2A7EEF90001ED729 /* FirebaseFirestoreCombine-Community in Frameworks */,
				6E9AF4C62A7EEF90001ED729 /* FirebaseDatabase in Frameworks */,
				6E17B8552A6C6923003C1A34 /* FinanceFuelSources in Frameworks */,
				6E9AF4E62A7EEF90001ED729 /* FirebaseStorage in Frameworks */,
				6ED16FF52A6C655D00A49842 /* Moonlight in Frameworks */,
				6E9AF4B42A7EEF90001ED729 /* FirebaseAnalytics in Frameworks */,
				6E9AF4C42A7EEF90001ED729 /* FirebaseCrashlytics in Frameworks */,
				6E9AF4CC2A7EEF90001ED729 /* FirebaseFirestore in Frameworks */,
				6E9AF4CA2A7EEF90001ED729 /* FirebaseDynamicLinks in Frameworks */,
				6E9AF4E82A7EEF90001ED729 /* FirebaseStorageCombine-Community in Frameworks */,
				6E9AF4B62A7EEF90001ED729 /* FirebaseAnalyticsOnDeviceConversion in Frameworks */,
				6E9AF4D42A7EEF90001ED729 /* FirebaseFunctionsCombine-Community in Frameworks */,
				6E9AF4D82A7EEF90001ED729 /* FirebaseInAppMessagingSwift-Beta in Frameworks */,
				6E9AF4DC2A7EEF90001ED729 /* FirebaseMLModelDownloader in Frameworks */,
				6E9AF4D62A7EEF90001ED729 /* FirebaseInAppMessaging-Beta in Frameworks */,
				6E9AF4E02A7EEF90001ED729 /* FirebasePerformance in Frameworks */,
				6E9AF4C22A7EEF90001ED729 /* FirebaseAuthCombine-Community in Frameworks */,
				6E9AF4B82A7EEF90001ED729 /* FirebaseAnalyticsSwift in Frameworks */,
				6E9AF4C82A7EEF90001ED729 /* FirebaseDatabaseSwift in Frameworks */,
				6ED16FF12A6C655D00A49842 /* MoonFoundation in Frameworks */,
				6E9AF4E22A7EEF90001ED729 /* FirebaseRemoteConfig in Frameworks */,
				6ED16FFA2A6C659700A49842 /* CombineCocoa in Frameworks */,
				6E9AF4C02A7EEF90001ED729 /* FirebaseAuth in Frameworks */,
				6E9AF4D22A7EEF90001ED729 /* FirebaseFunctions in Frameworks */,
				6E9AF4DA2A7EEF90001ED729 /* FirebaseInstallations in Frameworks */,
				6E9AF4D02A7EEF90001ED729 /* FirebaseFirestoreSwift in Frameworks */,
				6E9AF4BA2A7EEF90001ED729 /* FirebaseAnalyticsWithoutAdIdSupport in Frameworks */,
				6E9AF4BC2A7EEF90001ED729 /* FirebaseAppCheck in Frameworks */,
				6E9AF4E42A7EEF90001ED729 /* FirebaseRemoteConfigSwift in Frameworks */,
				6E9AF4BE2A7EEF90001ED729 /* FirebaseAppDistribution-Beta in Frameworks */,
				6ED16FF32A6C655D00A49842 /* MoonPresentation in Frameworks */,
			);
			runOnlyForDeploymentPostprocessing = 0;
		};
		6E9AF4F02A80CAE9001ED729 /* Frameworks */ = {
			isa = PBXFrameworksBuildPhase;
			buildActionMask = 2147483647;
			files = (
			);
			runOnlyForDeploymentPostprocessing = 0;
		};
/* End PBXFrameworksBuildPhase section */

/* Begin PBXGroup section */
		6E39A9C82A6C628300FB351D = {
			isa = PBXGroup;
			children = (
				6E39A9D32A6C628300FB351D /* FinanceFuel */,
				6E9AF4F42A80CAE9001ED729 /* FinanceFuelTests */,
			);
			sourceTree = "<group>";
		};
		6E39A9D32A6C628300FB351D /* FinanceFuel */ = {
			isa = PBXGroup;
			children = (
				6E39AA0C2A6C63AF00FB351D /* RootComponent.swift */,
				6E39A9D42A6C628300FB351D /* AppDelegate.swift */,
				6E39A9D62A6C628300FB351D /* SceneDelegate.swift */,
				6E39A9DD2A6C628400FB351D /* Assets.xcassets */,
				6E39A9DF2A6C628400FB351D /* LaunchScreen.storyboard */,
				6E39A9E22A6C628400FB351D /* Info.plist */,
				6E9AF4B02A7EEECC001ED729 /* GoogleService-Info.plist */,
				6E9AF4E92A7F92B3001ED729 /* LoginRegisterComponent.swift */,
				6E9AF4EB2A7F92D6001ED729 /* WelcomeComponent.swift */,
			);
			path = FinanceFuel;
			sourceTree = "<group>";
		};
		6E9AF4F42A80CAE9001ED729 /* FinanceFuelTests */ = {
			isa = PBXGroup;
			children = (
				6E9AF4F52A80CAE9001ED729 /* FinanceFuelTests.swift */,
			);
			path = FinanceFuelTests;
			sourceTree = "<group>";
		};
/* End PBXGroup section */

/* Begin PBXNativeTarget section */
		6E39A9D02A6C628300FB351D /* FinanceFuel */ = {
			isa = PBXNativeTarget;
			buildConfigurationList = 6E39A9FB2A6C628400FB351D /* Build configuration list for PBXNativeTarget "FinanceFuel" */;
			buildPhases = (
				6E39A9CD2A6C628300FB351D /* Sources */,
				6E39A9CE2A6C628300FB351D /* Frameworks */,
				6E39A9CF2A6C628300FB351D /* Resources */,
			);
			buildRules = (
			);
			dependencies = (
			);
			name = FinanceFuel;
			packageProductDependencies = (
				6ED16FF02A6C655D00A49842 /* MoonFoundation */,
				6ED16FF22A6C655D00A49842 /* MoonPresentation */,
				6ED16FF42A6C655D00A49842 /* Moonlight */,
				6ED16FF92A6C659700A49842 /* CombineCocoa */,
				6E17B8542A6C6923003C1A34 /* FinanceFuelSources */,
				6E9AF4B32A7EEF90001ED729 /* FirebaseAnalytics */,
				6E9AF4B52A7EEF90001ED729 /* FirebaseAnalyticsOnDeviceConversion */,
				6E9AF4B72A7EEF90001ED729 /* FirebaseAnalyticsSwift */,
				6E9AF4B92A7EEF90001ED729 /* FirebaseAnalyticsWithoutAdIdSupport */,
				6E9AF4BB2A7EEF90001ED729 /* FirebaseAppCheck */,
				6E9AF4BD2A7EEF90001ED729 /* FirebaseAppDistribution-Beta */,
				6E9AF4BF2A7EEF90001ED729 /* FirebaseAuth */,
				6E9AF4C12A7EEF90001ED729 /* FirebaseAuthCombine-Community */,
				6E9AF4C32A7EEF90001ED729 /* FirebaseCrashlytics */,
				6E9AF4C52A7EEF90001ED729 /* FirebaseDatabase */,
				6E9AF4C72A7EEF90001ED729 /* FirebaseDatabaseSwift */,
				6E9AF4C92A7EEF90001ED729 /* FirebaseDynamicLinks */,
				6E9AF4CB2A7EEF90001ED729 /* FirebaseFirestore */,
				6E9AF4CD2A7EEF90001ED729 /* FirebaseFirestoreCombine-Community */,
				6E9AF4CF2A7EEF90001ED729 /* FirebaseFirestoreSwift */,
				6E9AF4D12A7EEF90001ED729 /* FirebaseFunctions */,
				6E9AF4D32A7EEF90001ED729 /* FirebaseFunctionsCombine-Community */,
				6E9AF4D52A7EEF90001ED729 /* FirebaseInAppMessaging-Beta */,
				6E9AF4D72A7EEF90001ED729 /* FirebaseInAppMessagingSwift-Beta */,
				6E9AF4D92A7EEF90001ED729 /* FirebaseInstallations */,
				6E9AF4DB2A7EEF90001ED729 /* FirebaseMLModelDownloader */,
				6E9AF4DD2A7EEF90001ED729 /* FirebaseMessaging */,
				6E9AF4DF2A7EEF90001ED729 /* FirebasePerformance */,
				6E9AF4E12A7EEF90001ED729 /* FirebaseRemoteConfig */,
				6E9AF4E32A7EEF90001ED729 /* FirebaseRemoteConfigSwift */,
				6E9AF4E52A7EEF90001ED729 /* FirebaseStorage */,
				6E9AF4E72A7EEF90001ED729 /* FirebaseStorageCombine-Community */,
			);
			productName = FinanceFuel;
			productReference = 6E39A9D12A6C628300FB351D /* FinanceFuel.app */;
			productType = "com.apple.product-type.application";
		};
		6E9AF4F22A80CAE9001ED729 /* FinanceFuelTests */ = {
			isa = PBXNativeTarget;
			buildConfigurationList = 6E9AF4F92A80CAE9001ED729 /* Build configuration list for PBXNativeTarget "FinanceFuelTests" */;
			buildPhases = (
				6E9AF4EF2A80CAE9001ED729 /* Sources */,
				6E9AF4F02A80CAE9001ED729 /* Frameworks */,
				6E9AF4F12A80CAE9001ED729 /* Resources */,
			);
			buildRules = (
			);
			dependencies = (
				6E9AF4F82A80CAE9001ED729 /* PBXTargetDependency */,
			);
			name = FinanceFuelTests;
			productName = FinanceFuelTests;
			productReference = 6E9AF4F32A80CAE9001ED729 /* FinanceFuelTests.xctest */;
			productType = "com.apple.product-type.bundle.unit-test";
		};
/* End PBXNativeTarget section */

/* Begin PBXProject section */
		6E39A9C92A6C628300FB351D /* Project object */ = {
			isa = PBXProject;
			attributes = {
				BuildIndependentTargetsInParallel = 1;
				LastSwiftUpdateCheck = 1430;
				LastUpgradeCheck = 1430;
				TargetAttributes = {
					6E39A9D02A6C628300FB351D = {
						CreatedOnToolsVersion = 14.3;
					};
					6E9AF4F22A80CAE9001ED729 = {
						CreatedOnToolsVersion = 14.3.1;
						TestTargetID = 6E39A9D02A6C628300FB351D;
					};
				};
			};
			buildConfigurationList = 6E39A9CC2A6C628300FB351D /* Build configuration list for PBXProject "FinanceFuel" */;
			compatibilityVersion = "Xcode 14.0";
			developmentRegion = en;
			hasScannedForEncodings = 0;
			knownRegions = (
				en,
				Base,
			);
			mainGroup = 6E39A9C82A6C628300FB351D;
			packageReferences = (
				6ED16FEF2A6C655D00A49842 /* XCRemoteSwiftPackageReference "MoonKit" */,
				6ED16FF82A6C659700A49842 /* XCRemoteSwiftPackageReference "CombineCocoa" */,
				6E9AF4B22A7EEF90001ED729 /* XCRemoteSwiftPackageReference "firebase-ios-sdk" */,
			);
			productRefGroup = 6E39A9C82A6C628300FB351D;
			projectDirPath = "";
			projectRoot = "";
			targets = (
				6E39A9D02A6C628300FB351D /* FinanceFuel */,
				6E9AF4F22A80CAE9001ED729 /* FinanceFuelTests */,
			);
		};
/* End PBXProject section */

/* Begin PBXResourcesBuildPhase section */
		6E39A9CF2A6C628300FB351D /* Resources */ = {
			isa = PBXResourcesBuildPhase;
			buildActionMask = 2147483647;
			files = (
				6E39A9E12A6C628400FB351D /* LaunchScreen.storyboard in Resources */,
				6E39A9DE2A6C628400FB351D /* Assets.xcassets in Resources */,
				6E9AF4B12A7EEECC001ED729 /* GoogleService-Info.plist in Resources */,
			);
			runOnlyForDeploymentPostprocessing = 0;
		};
		6E9AF4F12A80CAE9001ED729 /* Resources */ = {
			isa = PBXResourcesBuildPhase;
			buildActionMask = 2147483647;
			files = (
			);
			runOnlyForDeploymentPostprocessing = 0;
		};
/* End PBXResourcesBuildPhase section */

/* Begin PBXSourcesBuildPhase section */
		6E39A9CD2A6C628300FB351D /* Sources */ = {
			isa = PBXSourcesBuildPhase;
			buildActionMask = 2147483647;
			files = (
				6E39AA162A6C63AF00FB351D /* RootComponent.swift in Sources */,
				6E9AF4EC2A7F92D6001ED729 /* WelcomeComponent.swift in Sources */,
				6E9AF4EA2A7F92B3001ED729 /* LoginRegisterComponent.swift in Sources */,
				6E39A9D52A6C628300FB351D /* AppDelegate.swift in Sources */,
				6E39A9D72A6C628300FB351D /* SceneDelegate.swift in Sources */,
			);
			runOnlyForDeploymentPostprocessing = 0;
		};
		6E9AF4EF2A80CAE9001ED729 /* Sources */ = {
			isa = PBXSourcesBuildPhase;
			buildActionMask = 2147483647;
			files = (
				6E9AF4F62A80CAE9001ED729 /* FinanceFuelTests.swift in Sources */,
			);
			runOnlyForDeploymentPostprocessing = 0;
		};
/* End PBXSourcesBuildPhase section */

/* Begin PBXTargetDependency section */
		6E9AF4F82A80CAE9001ED729 /* PBXTargetDependency */ = {
			isa = PBXTargetDependency;
			target = 6E39A9D02A6C628300FB351D /* FinanceFuel */;
			targetProxy = 6E9AF4F72A80CAE9001ED729 /* PBXContainerItemProxy */;
		};
/* End PBXTargetDependency section */

/* Begin PBXVariantGroup section */
		6E39A9DF2A6C628400FB351D /* LaunchScreen.storyboard */ = {
			isa = PBXVariantGroup;
			children = (
				6E39A9E02A6C628400FB351D /* Base */,
			);
			name = LaunchScreen.storyboard;
			sourceTree = "<group>";
		};
/* End PBXVariantGroup section */

/* Begin XCBuildConfiguration section */
		6E39A9F92A6C628400FB351D /* Debug */ = {
			isa = XCBuildConfiguration;
			buildSettings = {
				ALWAYS_SEARCH_USER_PATHS = NO;
				CLANG_ANALYZER_NONNULL = YES;
				CLANG_ANALYZER_NUMBER_OBJECT_CONVERSION = YES_AGGRESSIVE;
				CLANG_CXX_LANGUAGE_STANDARD = "gnu++20";
				CLANG_ENABLE_MODULES = YES;
				CLANG_ENABLE_OBJC_ARC = YES;
				CLANG_ENABLE_OBJC_WEAK = YES;
				CLANG_WARN_BLOCK_CAPTURE_AUTORELEASING = YES;
				CLANG_WARN_BOOL_CONVERSION = YES;
				CLANG_WARN_COMMA = YES;
				CLANG_WARN_CONSTANT_CONVERSION = YES;
				CLANG_WARN_DEPRECATED_OBJC_IMPLEMENTATIONS = YES;
				CLANG_WARN_DIRECT_OBJC_ISA_USAGE = YES_ERROR;
				CLANG_WARN_DOCUMENTATION_COMMENTS = YES;
				CLANG_WARN_EMPTY_BODY = YES;
				CLANG_WARN_ENUM_CONVERSION = YES;
				CLANG_WARN_INFINITE_RECURSION = YES;
				CLANG_WARN_INT_CONVERSION = YES;
				CLANG_WARN_NON_LITERAL_NULL_CONVERSION = YES;
				CLANG_WARN_OBJC_IMPLICIT_RETAIN_SELF = YES;
				CLANG_WARN_OBJC_LITERAL_CONVERSION = YES;
				CLANG_WARN_OBJC_ROOT_CLASS = YES_ERROR;
				CLANG_WARN_QUOTED_INCLUDE_IN_FRAMEWORK_HEADER = YES;
				CLANG_WARN_RANGE_LOOP_ANALYSIS = YES;
				CLANG_WARN_STRICT_PROTOTYPES = YES;
				CLANG_WARN_SUSPICIOUS_MOVE = YES;
				CLANG_WARN_UNGUARDED_AVAILABILITY = YES_AGGRESSIVE;
				CLANG_WARN_UNREACHABLE_CODE = YES;
				CLANG_WARN__DUPLICATE_METHOD_MATCH = YES;
				COPY_PHASE_STRIP = NO;
				DEBUG_INFORMATION_FORMAT = dwarf;
				ENABLE_STRICT_OBJC_MSGSEND = YES;
				ENABLE_TESTABILITY = YES;
				GCC_C_LANGUAGE_STANDARD = gnu11;
				GCC_DYNAMIC_NO_PIC = NO;
				GCC_NO_COMMON_BLOCKS = YES;
				GCC_OPTIMIZATION_LEVEL = 0;
				GCC_PREPROCESSOR_DEFINITIONS = (
					"DEBUG=1",
					"$(inherited)",
				);
				GCC_WARN_64_TO_32_BIT_CONVERSION = YES;
				GCC_WARN_ABOUT_RETURN_TYPE = YES_ERROR;
				GCC_WARN_UNDECLARED_SELECTOR = YES;
				GCC_WARN_UNINITIALIZED_AUTOS = YES_AGGRESSIVE;
				GCC_WARN_UNUSED_FUNCTION = YES;
				GCC_WARN_UNUSED_VARIABLE = YES;
				IPHONEOS_DEPLOYMENT_TARGET = 16.0;
				MTL_ENABLE_DEBUG_INFO = INCLUDE_SOURCE;
				MTL_FAST_MATH = YES;
				ONLY_ACTIVE_ARCH = YES;
				SDKROOT = iphoneos;
				SWIFT_ACTIVE_COMPILATION_CONDITIONS = DEBUG;
				SWIFT_OPTIMIZATION_LEVEL = "-Onone";
			};
			name = Debug;
		};
		6E39A9FA2A6C628400FB351D /* Release */ = {
			isa = XCBuildConfiguration;
			buildSettings = {
				ALWAYS_SEARCH_USER_PATHS = NO;
				CLANG_ANALYZER_NONNULL = YES;
				CLANG_ANALYZER_NUMBER_OBJECT_CONVERSION = YES_AGGRESSIVE;
				CLANG_CXX_LANGUAGE_STANDARD = "gnu++20";
				CLANG_ENABLE_MODULES = YES;
				CLANG_ENABLE_OBJC_ARC = YES;
				CLANG_ENABLE_OBJC_WEAK = YES;
				CLANG_WARN_BLOCK_CAPTURE_AUTORELEASING = YES;
				CLANG_WARN_BOOL_CONVERSION = YES;
				CLANG_WARN_COMMA = YES;
				CLANG_WARN_CONSTANT_CONVERSION = YES;
				CLANG_WARN_DEPRECATED_OBJC_IMPLEMENTATIONS = YES;
				CLANG_WARN_DIRECT_OBJC_ISA_USAGE = YES_ERROR;
				CLANG_WARN_DOCUMENTATION_COMMENTS = YES;
				CLANG_WARN_EMPTY_BODY = YES;
				CLANG_WARN_ENUM_CONVERSION = YES;
				CLANG_WARN_INFINITE_RECURSION = YES;
				CLANG_WARN_INT_CONVERSION = YES;
				CLANG_WARN_NON_LITERAL_NULL_CONVERSION = YES;
				CLANG_WARN_OBJC_IMPLICIT_RETAIN_SELF = YES;
				CLANG_WARN_OBJC_LITERAL_CONVERSION = YES;
				CLANG_WARN_OBJC_ROOT_CLASS = YES_ERROR;
				CLANG_WARN_QUOTED_INCLUDE_IN_FRAMEWORK_HEADER = YES;
				CLANG_WARN_RANGE_LOOP_ANALYSIS = YES;
				CLANG_WARN_STRICT_PROTOTYPES = YES;
				CLANG_WARN_SUSPICIOUS_MOVE = YES;
				CLANG_WARN_UNGUARDED_AVAILABILITY = YES_AGGRESSIVE;
				CLANG_WARN_UNREACHABLE_CODE = YES;
				CLANG_WARN__DUPLICATE_METHOD_MATCH = YES;
				COPY_PHASE_STRIP = NO;
				DEBUG_INFORMATION_FORMAT = "dwarf-with-dsym";
				ENABLE_NS_ASSERTIONS = NO;
				ENABLE_STRICT_OBJC_MSGSEND = YES;
				GCC_C_LANGUAGE_STANDARD = gnu11;
				GCC_NO_COMMON_BLOCKS = YES;
				GCC_WARN_64_TO_32_BIT_CONVERSION = YES;
				GCC_WARN_ABOUT_RETURN_TYPE = YES_ERROR;
				GCC_WARN_UNDECLARED_SELECTOR = YES;
				GCC_WARN_UNINITIALIZED_AUTOS = YES_AGGRESSIVE;
				GCC_WARN_UNUSED_FUNCTION = YES;
				GCC_WARN_UNUSED_VARIABLE = YES;
				IPHONEOS_DEPLOYMENT_TARGET = 16.0;
				MTL_ENABLE_DEBUG_INFO = NO;
				MTL_FAST_MATH = YES;
				SDKROOT = iphoneos;
				SWIFT_COMPILATION_MODE = wholemodule;
				SWIFT_OPTIMIZATION_LEVEL = "-O";
				VALIDATE_PRODUCT = YES;
			};
			name = Release;
		};
		6E39A9FC2A6C628400FB351D /* Debug */ = {
			isa = XCBuildConfiguration;
			buildSettings = {
				ASSETCATALOG_COMPILER_APPICON_NAME = AppIcon;
				ASSETCATALOG_COMPILER_GLOBAL_ACCENT_COLOR_NAME = AccentColor;
				CODE_SIGN_STYLE = Automatic;
				CURRENT_PROJECT_VERSION = 1;
				DEVELOPMENT_TEAM = V5ZU8R4BYJ;
				GENERATE_INFOPLIST_FILE = YES;
				INFOPLIST_FILE = FinanceFuel/Info.plist;
				INFOPLIST_KEY_UIApplicationSupportsIndirectInputEvents = YES;
				INFOPLIST_KEY_UILaunchStoryboardName = LaunchScreen;
				INFOPLIST_KEY_UISupportedInterfaceOrientations_iPad = "UIInterfaceOrientationPortrait UIInterfaceOrientationPortraitUpsideDown UIInterfaceOrientationLandscapeLeft UIInterfaceOrientationLandscapeRight";
				INFOPLIST_KEY_UISupportedInterfaceOrientations_iPhone = "UIInterfaceOrientationPortrait UIInterfaceOrientationLandscapeLeft UIInterfaceOrientationLandscapeRight";
				IPHONEOS_DEPLOYMENT_TARGET = 16.0;
				LD_RUNPATH_SEARCH_PATHS = (
					"$(inherited)",
					"@executable_path/Frameworks",
				);
				MARKETING_VERSION = 1.0;
				PRODUCT_BUNDLE_IDENTIFIER = karina.FinanceFuel;
				PRODUCT_NAME = "$(TARGET_NAME)";
				SWIFT_EMIT_LOC_STRINGS = YES;
				SWIFT_VERSION = 5.0;
				TARGETED_DEVICE_FAMILY = "1,2";
			};
			name = Debug;
		};
		6E39A9FD2A6C628400FB351D /* Release */ = {
			isa = XCBuildConfiguration;
			buildSettings = {
				ASSETCATALOG_COMPILER_APPICON_NAME = AppIcon;
				ASSETCATALOG_COMPILER_GLOBAL_ACCENT_COLOR_NAME = AccentColor;
				CODE_SIGN_STYLE = Automatic;
				CURRENT_PROJECT_VERSION = 1;
				DEVELOPMENT_TEAM = V5ZU8R4BYJ;
				GENERATE_INFOPLIST_FILE = YES;
				INFOPLIST_FILE = FinanceFuel/Info.plist;
				INFOPLIST_KEY_UIApplicationSupportsIndirectInputEvents = YES;
				INFOPLIST_KEY_UILaunchStoryboardName = LaunchScreen;
				INFOPLIST_KEY_UISupportedInterfaceOrientations_iPad = "UIInterfaceOrientationPortrait UIInterfaceOrientationPortraitUpsideDown UIInterfaceOrientationLandscapeLeft UIInterfaceOrientationLandscapeRight";
				INFOPLIST_KEY_UISupportedInterfaceOrientations_iPhone = "UIInterfaceOrientationPortrait UIInterfaceOrientationLandscapeLeft UIInterfaceOrientationLandscapeRight";
				IPHONEOS_DEPLOYMENT_TARGET = 16.0;
				LD_RUNPATH_SEARCH_PATHS = (
					"$(inherited)",
					"@executable_path/Frameworks",
				);
				MARKETING_VERSION = 1.0;
				PRODUCT_BUNDLE_IDENTIFIER = karina.FinanceFuel;
				PRODUCT_NAME = "$(TARGET_NAME)";
				SWIFT_EMIT_LOC_STRINGS = YES;
				SWIFT_VERSION = 5.0;
				TARGETED_DEVICE_FAMILY = "1,2";
			};
			name = Release;
		};
		6E9AF4FA2A80CAE9001ED729 /* Debug */ = {
			isa = XCBuildConfiguration;
			buildSettings = {
				BUNDLE_LOADER = "$(TEST_HOST)";
				CODE_SIGN_STYLE = Automatic;
				CURRENT_PROJECT_VERSION = 1;
				DEVELOPMENT_TEAM = V5ZU8R4BYJ;
				GENERATE_INFOPLIST_FILE = YES;
				IPHONEOS_DEPLOYMENT_TARGET = 16.4;
				MARKETING_VERSION = 1.0;
				PRODUCT_BUNDLE_IDENTIFIER = karina.FinanceFuelTests;
				PRODUCT_NAME = "$(TARGET_NAME)";
				SWIFT_EMIT_LOC_STRINGS = NO;
				SWIFT_VERSION = 5.0;
				TARGETED_DEVICE_FAMILY = "1,2";
				TEST_HOST = "$(BUILT_PRODUCTS_DIR)/FinanceFuel.app/$(BUNDLE_EXECUTABLE_FOLDER_PATH)/FinanceFuel";
			};
			name = Debug;
		};
		6E9AF4FB2A80CAE9001ED729 /* Release */ = {
			isa = XCBuildConfiguration;
			buildSettings = {
				BUNDLE_LOADER = "$(TEST_HOST)";
				CODE_SIGN_STYLE = Automatic;
				CURRENT_PROJECT_VERSION = 1;
				DEVELOPMENT_TEAM = V5ZU8R4BYJ;
				GENERATE_INFOPLIST_FILE = YES;
				IPHONEOS_DEPLOYMENT_TARGET = 16.4;
				MARKETING_VERSION = 1.0;
				PRODUCT_BUNDLE_IDENTIFIER = karina.FinanceFuelTests;
				PRODUCT_NAME = "$(TARGET_NAME)";
				SWIFT_EMIT_LOC_STRINGS = NO;
				SWIFT_VERSION = 5.0;
				TARGETED_DEVICE_FAMILY = "1,2";
				TEST_HOST = "$(BUILT_PRODUCTS_DIR)/FinanceFuel.app/$(BUNDLE_EXECUTABLE_FOLDER_PATH)/FinanceFuel";
			};
			name = Release;
		};
/* End XCBuildConfiguration section */

/* Begin XCConfigurationList section */
		6E39A9CC2A6C628300FB351D /* Build configuration list for PBXProject "FinanceFuel" */ = {
			isa = XCConfigurationList;
			buildConfigurations = (
				6E39A9F92A6C628400FB351D /* Debug */,
				6E39A9FA2A6C628400FB351D /* Release */,
			);
			defaultConfigurationIsVisible = 0;
			defaultConfigurationName = Release;
		};
		6E39A9FB2A6C628400FB351D /* Build configuration list for PBXNativeTarget "FinanceFuel" */ = {
			isa = XCConfigurationList;
			buildConfigurations = (
				6E39A9FC2A6C628400FB351D /* Debug */,
				6E39A9FD2A6C628400FB351D /* Release */,
			);
			defaultConfigurationIsVisible = 0;
			defaultConfigurationName = Release;
		};
		6E9AF4F92A80CAE9001ED729 /* Build configuration list for PBXNativeTarget "FinanceFuelTests" */ = {
			isa = XCConfigurationList;
			buildConfigurations = (
				6E9AF4FA2A80CAE9001ED729 /* Debug */,
				6E9AF4FB2A80CAE9001ED729 /* Release */,
			);
			defaultConfigurationIsVisible = 0;
			defaultConfigurationName = Release;
		};
/* End XCConfigurationList section */

/* Begin XCRemoteSwiftPackageReference section */
		6E9AF4B22A7EEF90001ED729 /* XCRemoteSwiftPackageReference "firebase-ios-sdk" */ = {
			isa = XCRemoteSwiftPackageReference;
			repositoryURL = "https://github.com/firebase/firebase-ios-sdk";
			requirement = {
				kind = upToNextMajorVersion;
				minimumVersion = 10.0.0;
			};
		};
		6ED16FEF2A6C655D00A49842 /* XCRemoteSwiftPackageReference "MoonKit" */ = {
			isa = XCRemoteSwiftPackageReference;
			repositoryURL = "https://github.com/mooncascade/MoonKit.git";
			requirement = {
				kind = upToNextMajorVersion;
				minimumVersion = 0.2.1;
			};
		};
		6ED16FF82A6C659700A49842 /* XCRemoteSwiftPackageReference "CombineCocoa" */ = {
			isa = XCRemoteSwiftPackageReference;
			repositoryURL = "https://github.com/CombineCommunity/CombineCocoa.git";
			requirement = {
				kind = upToNextMajorVersion;
				minimumVersion = 0.4.1;
			};
		};
/* End XCRemoteSwiftPackageReference section */

/* Begin XCSwiftPackageProductDependency section */
		6E17B8542A6C6923003C1A34 /* FinanceFuelSources */ = {
			isa = XCSwiftPackageProductDependency;
			productName = FinanceFuelSources;
		};
		6E9AF4B32A7EEF90001ED729 /* FirebaseAnalytics */ = {
			isa = XCSwiftPackageProductDependency;
			package = 6E9AF4B22A7EEF90001ED729 /* XCRemoteSwiftPackageReference "firebase-ios-sdk" */;
			productName = FirebaseAnalytics;
		};
		6E9AF4B52A7EEF90001ED729 /* FirebaseAnalyticsOnDeviceConversion */ = {
			isa = XCSwiftPackageProductDependency;
			package = 6E9AF4B22A7EEF90001ED729 /* XCRemoteSwiftPackageReference "firebase-ios-sdk" */;
			productName = FirebaseAnalyticsOnDeviceConversion;
		};
		6E9AF4B72A7EEF90001ED729 /* FirebaseAnalyticsSwift */ = {
			isa = XCSwiftPackageProductDependency;
			package = 6E9AF4B22A7EEF90001ED729 /* XCRemoteSwiftPackageReference "firebase-ios-sdk" */;
			productName = FirebaseAnalyticsSwift;
		};
		6E9AF4B92A7EEF90001ED729 /* FirebaseAnalyticsWithoutAdIdSupport */ = {
			isa = XCSwiftPackageProductDependency;
			package = 6E9AF4B22A7EEF90001ED729 /* XCRemoteSwiftPackageReference "firebase-ios-sdk" */;
			productName = FirebaseAnalyticsWithoutAdIdSupport;
		};
		6E9AF4BB2A7EEF90001ED729 /* FirebaseAppCheck */ = {
			isa = XCSwiftPackageProductDependency;
			package = 6E9AF4B22A7EEF90001ED729 /* XCRemoteSwiftPackageReference "firebase-ios-sdk" */;
			productName = FirebaseAppCheck;
		};
		6E9AF4BD2A7EEF90001ED729 /* FirebaseAppDistribution-Beta */ = {
			isa = XCSwiftPackageProductDependency;
			package = 6E9AF4B22A7EEF90001ED729 /* XCRemoteSwiftPackageReference "firebase-ios-sdk" */;
			productName = "FirebaseAppDistribution-Beta";
		};
		6E9AF4BF2A7EEF90001ED729 /* FirebaseAuth */ = {
			isa = XCSwiftPackageProductDependency;
			package = 6E9AF4B22A7EEF90001ED729 /* XCRemoteSwiftPackageReference "firebase-ios-sdk" */;
			productName = FirebaseAuth;
		};
		6E9AF4C12A7EEF90001ED729 /* FirebaseAuthCombine-Community */ = {
			isa = XCSwiftPackageProductDependency;
			package = 6E9AF4B22A7EEF90001ED729 /* XCRemoteSwiftPackageReference "firebase-ios-sdk" */;
			productName = "FirebaseAuthCombine-Community";
		};
		6E9AF4C32A7EEF90001ED729 /* FirebaseCrashlytics */ = {
			isa = XCSwiftPackageProductDependency;
			package = 6E9AF4B22A7EEF90001ED729 /* XCRemoteSwiftPackageReference "firebase-ios-sdk" */;
			productName = FirebaseCrashlytics;
		};
		6E9AF4C52A7EEF90001ED729 /* FirebaseDatabase */ = {
			isa = XCSwiftPackageProductDependency;
			package = 6E9AF4B22A7EEF90001ED729 /* XCRemoteSwiftPackageReference "firebase-ios-sdk" */;
			productName = FirebaseDatabase;
		};
		6E9AF4C72A7EEF90001ED729 /* FirebaseDatabaseSwift */ = {
			isa = XCSwiftPackageProductDependency;
			package = 6E9AF4B22A7EEF90001ED729 /* XCRemoteSwiftPackageReference "firebase-ios-sdk" */;
			productName = FirebaseDatabaseSwift;
		};
		6E9AF4C92A7EEF90001ED729 /* FirebaseDynamicLinks */ = {
			isa = XCSwiftPackageProductDependency;
			package = 6E9AF4B22A7EEF90001ED729 /* XCRemoteSwiftPackageReference "firebase-ios-sdk" */;
			productName = FirebaseDynamicLinks;
		};
		6E9AF4CB2A7EEF90001ED729 /* FirebaseFirestore */ = {
			isa = XCSwiftPackageProductDependency;
			package = 6E9AF4B22A7EEF90001ED729 /* XCRemoteSwiftPackageReference "firebase-ios-sdk" */;
			productName = FirebaseFirestore;
		};
		6E9AF4CD2A7EEF90001ED729 /* FirebaseFirestoreCombine-Community */ = {
			isa = XCSwiftPackageProductDependency;
			package = 6E9AF4B22A7EEF90001ED729 /* XCRemoteSwiftPackageReference "firebase-ios-sdk" */;
			productName = "FirebaseFirestoreCombine-Community";
		};
		6E9AF4CF2A7EEF90001ED729 /* FirebaseFirestoreSwift */ = {
			isa = XCSwiftPackageProductDependency;
			package = 6E9AF4B22A7EEF90001ED729 /* XCRemoteSwiftPackageReference "firebase-ios-sdk" */;
			productName = FirebaseFirestoreSwift;
		};
		6E9AF4D12A7EEF90001ED729 /* FirebaseFunctions */ = {
			isa = XCSwiftPackageProductDependency;
			package = 6E9AF4B22A7EEF90001ED729 /* XCRemoteSwiftPackageReference "firebase-ios-sdk" */;
			productName = FirebaseFunctions;
		};
		6E9AF4D32A7EEF90001ED729 /* FirebaseFunctionsCombine-Community */ = {
			isa = XCSwiftPackageProductDependency;
			package = 6E9AF4B22A7EEF90001ED729 /* XCRemoteSwiftPackageReference "firebase-ios-sdk" */;
			productName = "FirebaseFunctionsCombine-Community";
		};
		6E9AF4D52A7EEF90001ED729 /* FirebaseInAppMessaging-Beta */ = {
			isa = XCSwiftPackageProductDependency;
			package = 6E9AF4B22A7EEF90001ED729 /* XCRemoteSwiftPackageReference "firebase-ios-sdk" */;
			productName = "FirebaseInAppMessaging-Beta";
		};
		6E9AF4D72A7EEF90001ED729 /* FirebaseInAppMessagingSwift-Beta */ = {
			isa = XCSwiftPackageProductDependency;
			package = 6E9AF4B22A7EEF90001ED729 /* XCRemoteSwiftPackageReference "firebase-ios-sdk" */;
			productName = "FirebaseInAppMessagingSwift-Beta";
		};
		6E9AF4D92A7EEF90001ED729 /* FirebaseInstallations */ = {
			isa = XCSwiftPackageProductDependency;
			package = 6E9AF4B22A7EEF90001ED729 /* XCRemoteSwiftPackageReference "firebase-ios-sdk" */;
			productName = FirebaseInstallations;
		};
		6E9AF4DB2A7EEF90001ED729 /* FirebaseMLModelDownloader */ = {
			isa = XCSwiftPackageProductDependency;
			package = 6E9AF4B22A7EEF90001ED729 /* XCRemoteSwiftPackageReference "firebase-ios-sdk" */;
			productName = FirebaseMLModelDownloader;
		};
		6E9AF4DD2A7EEF90001ED729 /* FirebaseMessaging */ = {
			isa = XCSwiftPackageProductDependency;
			package = 6E9AF4B22A7EEF90001ED729 /* XCRemoteSwiftPackageReference "firebase-ios-sdk" */;
			productName = FirebaseMessaging;
		};
		6E9AF4DF2A7EEF90001ED729 /* FirebasePerformance */ = {
			isa = XCSwiftPackageProductDependency;
			package = 6E9AF4B22A7EEF90001ED729 /* XCRemoteSwiftPackageReference "firebase-ios-sdk" */;
			productName = FirebasePerformance;
		};
		6E9AF4E12A7EEF90001ED729 /* FirebaseRemoteConfig */ = {
			isa = XCSwiftPackageProductDependency;
			package = 6E9AF4B22A7EEF90001ED729 /* XCRemoteSwiftPackageReference "firebase-ios-sdk" */;
			productName = FirebaseRemoteConfig;
		};
		6E9AF4E32A7EEF90001ED729 /* FirebaseRemoteConfigSwift */ = {
			isa = XCSwiftPackageProductDependency;
			package = 6E9AF4B22A7EEF90001ED729 /* XCRemoteSwiftPackageReference "firebase-ios-sdk" */;
			productName = FirebaseRemoteConfigSwift;
		};
		6E9AF4E52A7EEF90001ED729 /* FirebaseStorage */ = {
			isa = XCSwiftPackageProductDependency;
			package = 6E9AF4B22A7EEF90001ED729 /* XCRemoteSwiftPackageReference "firebase-ios-sdk" */;
			productName = FirebaseStorage;
		};
		6E9AF4E72A7EEF90001ED729 /* FirebaseStorageCombine-Community */ = {
			isa = XCSwiftPackageProductDependency;
			package = 6E9AF4B22A7EEF90001ED729 /* XCRemoteSwiftPackageReference "firebase-ios-sdk" */;
			productName = "FirebaseStorageCombine-Community";
		};
		6ED16FF02A6C655D00A49842 /* MoonFoundation */ = {
			isa = XCSwiftPackageProductDependency;
			package = 6ED16FEF2A6C655D00A49842 /* XCRemoteSwiftPackageReference "MoonKit" */;
			productName = MoonFoundation;
		};
		6ED16FF22A6C655D00A49842 /* MoonPresentation */ = {
			isa = XCSwiftPackageProductDependency;
			package = 6ED16FEF2A6C655D00A49842 /* XCRemoteSwiftPackageReference "MoonKit" */;
			productName = MoonPresentation;
		};
		6ED16FF42A6C655D00A49842 /* Moonlight */ = {
			isa = XCSwiftPackageProductDependency;
			package = 6ED16FEF2A6C655D00A49842 /* XCRemoteSwiftPackageReference "MoonKit" */;
			productName = Moonlight;
		};
		6ED16FF92A6C659700A49842 /* CombineCocoa */ = {
			isa = XCSwiftPackageProductDependency;
			package = 6ED16FF82A6C659700A49842 /* XCRemoteSwiftPackageReference "CombineCocoa" */;
			productName = CombineCocoa;
		};
/* End XCSwiftPackageProductDependency section */
	};
	rootObject = 6E39A9C92A6C628300FB351D /* Project object */;
}
